
Microsoft Visual Studio Solution File, Format Version 12.00
# Visual Studio 2012
Project("{8BC9CEB8-8B4A-11D0-8D11-00A0C91BC942}") = "laurena", "laurena\laurena.vcxproj", "{E4E38395-6C22-4954-9C6C-6F772979279D}"
	ProjectSection(ProjectDependencies) = postProject
		{FB1D2C3E-B598-4050-99C9-447E65E7396F} = {FB1D2C3E-B598-4050-99C9-447E65E7396F}
	EndProjectSection
EndProject
Project("{8BC9CEB8-8B4A-11D0-8D11-00A0C91BC942}") = "test", "test\test.vcxproj", "{7C49FEA0-44C8-4AE8-82EF-BC014DC36066}"
	ProjectSection(ProjectDependencies) = postProject
		{6CFD5524-0657-4430-9318-E84FB5134333} = {6CFD5524-0657-4430-9318-E84FB5134333}
		{BE77DA79-0882-4BEC-BEAC-7299F05A3874} = {BE77DA79-0882-4BEC-BEAC-7299F05A3874}
		{81D0C8C4-B6A9-4C32-A5C1-EA5F3EE587CA} = {81D0C8C4-B6A9-4C32-A5C1-EA5F3EE587CA}
		{7E0123D6-34F4-4A32-89BA-86605B62641A} = {7E0123D6-34F4-4A32-89BA-86605B62641A}
	EndProjectSection
EndProject
Project("{8BC9CEB8-8B4A-11D0-8D11-00A0C91BC942}") = "mdl", "mdl\mdl.vcxproj", "{6CFD5524-0657-4430-9318-E84FB5134333}"
	ProjectSection(ProjectDependencies) = postProject
		{E4E38395-6C22-4954-9C6C-6F772979279D} = {E4E38395-6C22-4954-9C6C-6F772979279D}
	EndProjectSection
EndProject
Project("{8BC9CEB8-8B4A-11D0-8D11-00A0C91BC942}") = "json", "json\json.vcxproj", "{81D0C8C4-B6A9-4C32-A5C1-EA5F3EE587CA}"
	ProjectSection(ProjectDependencies) = postProject
		{E4E38395-6C22-4954-9C6C-6F772979279D} = {E4E38395-6C22-4954-9C6C-6F772979279D}
	EndProjectSection
EndProject
Project("{8BC9CEB8-8B4A-11D0-8D11-00A0C91BC942}") = "main", "main\main.vcxproj", "{44C1B003-E408-4A1F-AD20-4F1225A39E2D}"
EndProject
Project("{8BC9CEB8-8B4A-11D0-8D11-00A0C91BC942}") = "examples", "examples\examples.vcxproj", "{256EC1ED-AFF0-49D8-9BC9-56A4072DA6B5}"
	ProjectSection(ProjectDependencies) = postProject
		{81D0C8C4-B6A9-4C32-A5C1-EA5F3EE587CA} = {81D0C8C4-B6A9-4C32-A5C1-EA5F3EE587CA}
	EndProjectSection
EndProject
Project("{8BC9CEB8-8B4A-11D0-8D11-00A0C91BC942}") = "sql", "sql\sql.vcxproj", "{7E0123D6-34F4-4A32-89BA-86605B62641A}"
	ProjectSection(ProjectDependencies) = postProject
		{E4E38395-6C22-4954-9C6C-6F772979279D} = {E4E38395-6C22-4954-9C6C-6F772979279D}
	EndProjectSection
EndProject
Project("{8BC9CEB8-8B4A-11D0-8D11-00A0C91BC942}") = "laurena0", "laurena0\laurena0.vcxproj", "{FB1D2C3E-B598-4050-99C9-447E65E7396F}"
EndProject
Project("{8BC9CEB8-8B4A-11D0-8D11-00A0C91BC942}") = "test0", "test0\test0.vcxproj", "{38C0613E-BD76-4709-A164-D4923E320FD8}"
	ProjectSection(ProjectDependencies) = postProject
		{FB1D2C3E-B598-4050-99C9-447E65E7396F} = {FB1D2C3E-B598-4050-99C9-447E65E7396F}
	EndProjectSection
EndProject
Project("{8BC9CEB8-8B4A-11D0-8D11-00A0C91BC942}") = "velocity", "velocity\velocity.vcxproj", "{BE77DA79-0882-4BEC-BEAC-7299F05A3874}"
	ProjectSection(ProjectDependencies) = postProject
		{E4E38395-6C22-4954-9C6C-6F772979279D} = {E4E38395-6C22-4954-9C6C-6F772979279D}
	EndProjectSection
EndProject
Global
	GlobalSection(SolutionConfigurationPlatforms) = preSolution
		Debug|Win32 = Debug|Win32
		Release|Win32 = Release|Win32
	EndGlobalSection
	GlobalSection(ProjectConfigurationPlatforms) = postSolution
		{E4E38395-6C22-4954-9C6C-6F772979279D}.Debug|Win32.ActiveCfg = Debug|Win32
		{E4E38395-6C22-4954-9C6C-6F772979279D}.Debug|Win32.Build.0 = Debug|Win32
		{E4E38395-6C22-4954-9C6C-6F772979279D}.Release|Win32.ActiveCfg = Release|Win32
		{E4E38395-6C22-4954-9C6C-6F772979279D}.Release|Win32.Build.0 = Release|Win32
		{7C49FEA0-44C8-4AE8-82EF-BC014DC36066}.Debug|Win32.ActiveCfg = Debug|Win32
		{7C49FEA0-44C8-4AE8-82EF-BC014DC36066}.Debug|Win32.Build.0 = Debug|Win32
		{7C49FEA0-44C8-4AE8-82EF-BC014DC36066}.Release|Win32.ActiveCfg = Release|Win32
		{7C49FEA0-44C8-4AE8-82EF-BC014DC36066}.Release|Win32.Build.0 = Release|Win32
		{6CFD5524-0657-4430-9318-E84FB5134333}.Debug|Win32.ActiveCfg = Debug|Win32
		{6CFD5524-0657-4430-9318-E84FB5134333}.Debug|Win32.Build.0 = Debug|Win32
		{6CFD5524-0657-4430-9318-E84FB5134333}.Release|Win32.ActiveCfg = Release|Win32
		{6CFD5524-0657-4430-9318-E84FB5134333}.Release|Win32.Build.0 = Release|Win32
		{81D0C8C4-B6A9-4C32-A5C1-EA5F3EE587CA}.Debug|Win32.ActiveCfg = Debug|Win32
		{81D0C8C4-B6A9-4C32-A5C1-EA5F3EE587CA}.Debug|Win32.Build.0 = Debug|Win32
		{81D0C8C4-B6A9-4C32-A5C1-EA5F3EE587CA}.Release|Win32.ActiveCfg = Release|Win32
		{81D0C8C4-B6A9-4C32-A5C1-EA5F3EE587CA}.Release|Win32.Build.0 = Release|Win32
		{44C1B003-E408-4A1F-AD20-4F1225A39E2D}.Debug|Win32.ActiveCfg = Debug|Win32
		{44C1B003-E408-4A1F-AD20-4F1225A39E2D}.Debug|Win32.Build.0 = Debug|Win32
		{44C1B003-E408-4A1F-AD20-4F1225A39E2D}.Release|Win32.ActiveCfg = Release|Win32
		{44C1B003-E408-4A1F-AD20-4F1225A39E2D}.Release|Win32.Build.0 = Release|Win32
		{256EC1ED-AFF0-49D8-9BC9-56A4072DA6B5}.Debug|Win32.ActiveCfg = Debug|Win32
		{256EC1ED-AFF0-49D8-9BC9-56A4072DA6B5}.Debug|Win32.Build.0 = Debug|Win32
		{256EC1ED-AFF0-49D8-9BC9-56A4072DA6B5}.Release|Win32.ActiveCfg = Release|Win32
		{256EC1ED-AFF0-49D8-9BC9-56A4072DA6B5}.Release|Win32.Build.0 = Release|Win32
		{7E0123D6-34F4-4A32-89BA-86605B62641A}.Debug|Win32.ActiveCfg = Debug|Win32
		{7E0123D6-34F4-4A32-89BA-86605B62641A}.Debug|Win32.Build.0 = Debug|Win32
		{7E0123D6-34F4-4A32-89BA-86605B62641A}.Release|Win32.ActiveCfg = Release|Win32
		{7E0123D6-34F4-4A32-89BA-86605B62641A}.Release|Win32.Build.0 = Release|Win32
		{FB1D2C3E-B598-4050-99C9-447E65E7396F}.Debug|Win32.ActiveCfg = Debug|Win32
		{FB1D2C3E-B598-4050-99C9-447E65E7396F}.Debug|Win32.Build.0 = Debug|Win32
		{FB1D2C3E-B598-4050-99C9-447E65E7396F}.Release|Win32.ActiveCfg = Release|Win32
		{FB1D2C3E-B598-4050-99C9-447E65E7396F}.Release|Win32.Build.0 = Release|Win32
		{38C0613E-BD76-4709-A164-D4923E320FD8}.Debug|Win32.ActiveCfg = Debug|Win32
		{38C0613E-BD76-4709-A164-D4923E320FD8}.Debug|Win32.Build.0 = Debug|Win32
		{38C0613E-BD76-4709-A164-D4923E320FD8}.Release|Win32.ActiveCfg = Release|Win32
		{38C0613E-BD76-4709-A164-D4923E320FD8}.Release|Win32.Build.0 = Release|Win32
		{BE77DA79-0882-4BEC-BEAC-7299F05A3874}.Debug|Win32.ActiveCfg = Debug|Win32
		{BE77DA79-0882-4BEC-BEAC-7299F05A3874}.Debug|Win32.Build.0 = Debug|Win32
		{BE77DA79-0882-4BEC-BEAC-7299F05A3874}.Release|Win32.ActiveCfg = Release|Win32
		{BE77DA79-0882-4BEC-BEAC-7299F05A3874}.Release|Win32.Build.0 = Release|Win32
	EndGlobalSection
	GlobalSection(SolutionProperties) = preSolution
		HideSolutionNode = FALSE
	EndGlobalSection
EndGlobal
