
Microsoft Visual Studio Solution File, Format Version 12.00
# Visual Studio 2012
Project("{8BC9CEB8-8B4A-11D0-8D11-00A0C91BC942}") = "laurena", "laurena\laurena.vcxproj", "{E4E38395-6C22-4954-9C6C-6F772979279D}"
	ProjectSection(ProjectDependencies) = postProject
		{FB1D2C3E-B598-4050-99C9-447E65E7396F} = {FB1D2C3E-B598-4050-99C9-447E65E7396F}
	EndProjectSection
EndProject
Project("{8BC9CEB8-8B4A-11D0-8D11-00A0C91BC942}") = "test", "test\test.vcxproj", "{7C49FEA0-44C8-4AE8-82EF-BC014DC36066}"
	ProjectSection(ProjectDependencies) = postProject
		{6CFD5524-0657-4430-9318-E84FB5134333} = {6CFD5524-0657-4430-9318-E84FB5134333}
		{BE77DA79-0882-4BEC-BEAC-7299F05A3874} = {BE77DA79-0882-4BEC-BEAC-7299F05A3874}
		{81D0C8C4-B6A9-4C32-A5C1-EA5F3EE587CA} = {81D0C8C4-B6A9-4C32-A5C1-EA5F3EE587CA}
		{7E0123D6-34F4-4A32-89BA-86605B62641A} = {7E0123D6-34F4-4A32-89BA-86605B62641A}
	EndProjectSection
EndProject
Project("{8BC9CEB8-8B4A-11D0-8D11-00A0C91BC942}") = "mdl", "mdl\mdl.vcxproj", "{6CFD5524-0657-4430-9318-E84FB5134333}"
	ProjectSection(ProjectDependencies) = postProject
		{E4E38395-6C22-4954-9C6C-6F772979279D} = {E4E38395-6C22-4954-9C6C-6F772979279D}
	EndProjectSection
EndProject
Project("{8BC9CEB8-8B4A-11D0-8D11-00A0C91BC942}") = "json", "json\json.vcxproj", "{81D0C8C4-B6A9-4C32-A5C1-EA5F3EE587CA}"
	ProjectSection(ProjectDependencies) = postProject
		{E4E38395-6C22-4954-9C6C-6F772979279D} = {E4E38395-6C22-4954-9C6C-6F772979279D}
	EndProjectSection
EndProject
Project("{8BC9CEB8-8B4A-11D0-8D11-00A0C91BC942}") = "main", "main\main.vcxproj", "{44C1B003-E408-4A1F-AD20-4F1225A39E2D}"
EndProject
Project("{8BC9CEB8-8B4A-11D0-8D11-00A0C91BC942}") = "examples", "examples\examples.vcxproj", "{256EC1ED-AFF0-49D8-9BC9-56A4072DA6B5}"
	ProjectSection(ProjectDependencies) = postProject
		{E4E38395-6C22-4954-9C6C-6F772979279D} = {E4E38395-6C22-4954-9C6C-6F772979279D}
		{81D0C8C4-B6A9-4C32-A5C1-EA5F3EE587CA} = {81D0C8C4-B6A9-4C32-A5C1-EA5F3EE587CA}
	EndProjectSection
EndProject
Project("{8BC9CEB8-8B4A-11D0-8D11-00A0C91BC942}") = "sql", "sql\sql.vcxproj", "{7E0123D6-34F4-4A32-89BA-86605B62641A}"
	ProjectSection(ProjectDependencies) = postProject
		{E4E38395-6C22-4954-9C6C-6F772979279D} = {E4E38395-6C22-4954-9C6C-6F772979279D}
	EndProjectSection
EndProject
Project("{8BC9CEB8-8B4A-11D0-8D11-00A0C91BC942}") = "laurena0", "laurena0\laurena0.vcxproj", "{FB1D2C3E-B598-4050-99C9-447E65E7396F}"
EndProject
Project("{8BC9CEB8-8B4A-11D0-8D11-00A0C91BC942}") = "test0", "test0\test0.vcxproj", "{38C0613E-BD76-4709-A164-D4923E320FD8}"
	ProjectSection(ProjectDependencies) = postProject
		{FB1D2C3E-B598-4050-99C9-447E65E7396F} = {FB1D2C3E-B598-4050-99C9-447E65E7396F}
	EndProjectSection
EndProject
Project("{8BC9CEB8-8B4A-11D0-8D11-00A0C91BC942}") = "velocity", "velocity\velocity.vcxproj", "{BE77DA79-0882-4BEC-BEAC-7299F05A3874}"
	ProjectSection(ProjectDependencies) = postProject
		{E4E38395-6C22-4954-9C6C-6F772979279D} = {E4E38395-6C22-4954-9C6C-6F772979279D}
	EndProjectSection
EndProject
Project("{2150E333-8FDC-42A3-9474-1A3956D46DE8}") = "Tutorials", "Tutorials", "{96549F7B-C766-4DD5-A200-2E4A0FC4C4DA}"
EndProject
Project("{8BC9CEB8-8B4A-11D0-8D11-00A0C91BC942}") = "t01_simple_example", "tutorials\t01_simple_example\t01_simple_example.vcxproj", "{2D095192-AAA5-4F78-A820-56EDF749F84B}"
	ProjectSection(ProjectDependencies) = postProject
		{81D0C8C4-B6A9-4C32-A5C1-EA5F3EE587CA} = {81D0C8C4-B6A9-4C32-A5C1-EA5F3EE587CA}
	EndProjectSection
EndProject
Project("{8BC9CEB8-8B4A-11D0-8D11-00A0C91BC942}") = "t02_polymorphic_example", "tutorials\t02_polymorphic_example\t02_polymorphic_example.vcxproj", "{E695344A-21F4-47DB-907D-83FEC35368BF}"
	ProjectSection(ProjectDependencies) = postProject
		{81D0C8C4-B6A9-4C32-A5C1-EA5F3EE587CA} = {81D0C8C4-B6A9-4C32-A5C1-EA5F3EE587CA}
	EndProjectSection
EndProject
Project("{2150E333-8FDC-42A3-9474-1A3956D46DE8}") = "Solution Items", "Solution Items", "{7CF6FB5D-5F1F-40A7-825C-D5030DEC13E3}"
	ProjectSection(SolutionItems) = preProject
		versions.txt = versions.txt
	EndProjectSection
EndProject
Project("{8BC9CEB8-8B4A-11D0-8D11-00A0C91BC942}") = "t03_list_example", "tutorials\t03_list_example\t03_list_example.vcxproj", "{7472A9BC-E797-4EDA-B9BD-B0406AB55894}"
	ProjectSection(ProjectDependencies) = postProject
		{81D0C8C4-B6A9-4C32-A5C1-EA5F3EE587CA} = {81D0C8C4-B6A9-4C32-A5C1-EA5F3EE587CA}
	EndProjectSection
EndProject
Project("{8BC9CEB8-8B4A-11D0-8D11-00A0C91BC942}") = "t04_vector_example", "tutorials\t04_vector_example\t04_vector_example.vcxproj", "{A60A6E9A-1C4F-4976-931D-1A01BF3B0B63}"
	ProjectSection(ProjectDependencies) = postProject
		{81D0C8C4-B6A9-4C32-A5C1-EA5F3EE587CA} = {81D0C8C4-B6A9-4C32-A5C1-EA5F3EE587CA}
	EndProjectSection
EndProject
Project("{8BC9CEB8-8B4A-11D0-8D11-00A0C91BC942}") = "t05_enum_example", "tutorials\t05_enum_example\t05_enum_example.vcxproj", "{03833B06-0E28-43E6-B7EB-31DA5E8B6E7D}"
	ProjectSection(ProjectDependencies) = postProject
		{81D0C8C4-B6A9-4C32-A5C1-EA5F3EE587CA} = {81D0C8C4-B6A9-4C32-A5C1-EA5F3EE587CA}
	EndProjectSection
EndProject
Project("{8BC9CEB8-8B4A-11D0-8D11-00A0C91BC942}") = "t06_bitfield_example", "tutorials\t06_bitfield_example\t06_bitfield_example.vcxproj", "{49CF74F6-53CD-4D73-BB9E-AD202273E47F}"
	ProjectSection(ProjectDependencies) = postProject
		{81D0C8C4-B6A9-4C32-A5C1-EA5F3EE587CA} = {81D0C8C4-B6A9-4C32-A5C1-EA5F3EE587CA}
	EndProjectSection
EndProject
Project("{8BC9CEB8-8B4A-11D0-8D11-00A0C91BC942}") = "t07_epoch_example", "tutorials\t07_epoch_example\t07_epoch_example.vcxproj", "{305A2CE1-30EA-49B3-A1C8-3AE0F0BD72F9}"
	ProjectSection(ProjectDependencies) = postProject
		{81D0C8C4-B6A9-4C32-A5C1-EA5F3EE587CA} = {81D0C8C4-B6A9-4C32-A5C1-EA5F3EE587CA}
	EndProjectSection
EndProject
Project("{8BC9CEB8-8B4A-11D0-8D11-00A0C91BC942}") = "t08_custom_format_example", "tutorials\t08_custom_format_example\t08_custom_format_example.vcxproj", "{9D4A7EB2-5B31-4529-8CC2-1BA325EDA332}"
EndProject
Project("{8BC9CEB8-8B4A-11D0-8D11-00A0C91BC942}") = "t09_file_persistance_example", "tutorials\t09_file_persistance_example\t09_file_persistance_example.vcxproj", "{10AF1C52-DF06-4AAB-814A-0BB289683994}"
	ProjectSection(ProjectDependencies) = postProject
		{6CFD5524-0657-4430-9318-E84FB5134333} = {6CFD5524-0657-4430-9318-E84FB5134333}
		{81D0C8C4-B6A9-4C32-A5C1-EA5F3EE587CA} = {81D0C8C4-B6A9-4C32-A5C1-EA5F3EE587CA}
	EndProjectSection
EndProject
Global
	GlobalSection(SolutionConfigurationPlatforms) = preSolution
		Debug|Win32 = Debug|Win32
		Release|Win32 = Release|Win32
	EndGlobalSection
	GlobalSection(ProjectConfigurationPlatforms) = postSolution
		{E4E38395-6C22-4954-9C6C-6F772979279D}.Debug|Win32.ActiveCfg = Debug|Win32
		{E4E38395-6C22-4954-9C6C-6F772979279D}.Debug|Win32.Build.0 = Debug|Win32
		{E4E38395-6C22-4954-9C6C-6F772979279D}.Release|Win32.ActiveCfg = Release|Win32
		{E4E38395-6C22-4954-9C6C-6F772979279D}.Release|Win32.Build.0 = Release|Win32
		{7C49FEA0-44C8-4AE8-82EF-BC014DC36066}.Debug|Win32.ActiveCfg = Debug|Win32
		{7C49FEA0-44C8-4AE8-82EF-BC014DC36066}.Debug|Win32.Build.0 = Debug|Win32
		{7C49FEA0-44C8-4AE8-82EF-BC014DC36066}.Release|Win32.ActiveCfg = Release|Win32
		{7C49FEA0-44C8-4AE8-82EF-BC014DC36066}.Release|Win32.Build.0 = Release|Win32
		{6CFD5524-0657-4430-9318-E84FB5134333}.Debug|Win32.ActiveCfg = Debug|Win32
		{6CFD5524-0657-4430-9318-E84FB5134333}.Debug|Win32.Build.0 = Debug|Win32
		{6CFD5524-0657-4430-9318-E84FB5134333}.Release|Win32.ActiveCfg = Release|Win32
		{6CFD5524-0657-4430-9318-E84FB5134333}.Release|Win32.Build.0 = Release|Win32
		{81D0C8C4-B6A9-4C32-A5C1-EA5F3EE587CA}.Debug|Win32.ActiveCfg = Debug|Win32
		{81D0C8C4-B6A9-4C32-A5C1-EA5F3EE587CA}.Debug|Win32.Build.0 = Debug|Win32
		{81D0C8C4-B6A9-4C32-A5C1-EA5F3EE587CA}.Release|Win32.ActiveCfg = Release|Win32
		{81D0C8C4-B6A9-4C32-A5C1-EA5F3EE587CA}.Release|Win32.Build.0 = Release|Win32
		{44C1B003-E408-4A1F-AD20-4F1225A39E2D}.Debug|Win32.ActiveCfg = Debug|Win32
		{44C1B003-E408-4A1F-AD20-4F1225A39E2D}.Debug|Win32.Build.0 = Debug|Win32
		{44C1B003-E408-4A1F-AD20-4F1225A39E2D}.Release|Win32.ActiveCfg = Release|Win32
		{44C1B003-E408-4A1F-AD20-4F1225A39E2D}.Release|Win32.Build.0 = Release|Win32
		{256EC1ED-AFF0-49D8-9BC9-56A4072DA6B5}.Debug|Win32.ActiveCfg = Debug|Win32
		{256EC1ED-AFF0-49D8-9BC9-56A4072DA6B5}.Debug|Win32.Build.0 = Debug|Win32
		{256EC1ED-AFF0-49D8-9BC9-56A4072DA6B5}.Release|Win32.ActiveCfg = Release|Win32
		{256EC1ED-AFF0-49D8-9BC9-56A4072DA6B5}.Release|Win32.Build.0 = Release|Win32
		{7E0123D6-34F4-4A32-89BA-86605B62641A}.Debug|Win32.ActiveCfg = Debug|Win32
		{7E0123D6-34F4-4A32-89BA-86605B62641A}.Debug|Win32.Build.0 = Debug|Win32
		{7E0123D6-34F4-4A32-89BA-86605B62641A}.Release|Win32.ActiveCfg = Release|Win32
		{7E0123D6-34F4-4A32-89BA-86605B62641A}.Release|Win32.Build.0 = Release|Win32
		{FB1D2C3E-B598-4050-99C9-447E65E7396F}.Debug|Win32.ActiveCfg = Debug|Win32
		{FB1D2C3E-B598-4050-99C9-447E65E7396F}.Debug|Win32.Build.0 = Debug|Win32
		{FB1D2C3E-B598-4050-99C9-447E65E7396F}.Release|Win32.ActiveCfg = Release|Win32
		{FB1D2C3E-B598-4050-99C9-447E65E7396F}.Release|Win32.Build.0 = Release|Win32
		{38C0613E-BD76-4709-A164-D4923E320FD8}.Debug|Win32.ActiveCfg = Debug|Win32
		{38C0613E-BD76-4709-A164-D4923E320FD8}.Debug|Win32.Build.0 = Debug|Win32
		{38C0613E-BD76-4709-A164-D4923E320FD8}.Release|Win32.ActiveCfg = Release|Win32
		{38C0613E-BD76-4709-A164-D4923E320FD8}.Release|Win32.Build.0 = Release|Win32
		{BE77DA79-0882-4BEC-BEAC-7299F05A3874}.Debug|Win32.ActiveCfg = Debug|Win32
		{BE77DA79-0882-4BEC-BEAC-7299F05A3874}.Debug|Win32.Build.0 = Debug|Win32
		{BE77DA79-0882-4BEC-BEAC-7299F05A3874}.Release|Win32.ActiveCfg = Release|Win32
		{BE77DA79-0882-4BEC-BEAC-7299F05A3874}.Release|Win32.Build.0 = Release|Win32
		{2D095192-AAA5-4F78-A820-56EDF749F84B}.Debug|Win32.ActiveCfg = Debug|Win32
		{2D095192-AAA5-4F78-A820-56EDF749F84B}.Debug|Win32.Build.0 = Debug|Win32
		{2D095192-AAA5-4F78-A820-56EDF749F84B}.Release|Win32.ActiveCfg = Release|Win32
		{2D095192-AAA5-4F78-A820-56EDF749F84B}.Release|Win32.Build.0 = Release|Win32
		{E695344A-21F4-47DB-907D-83FEC35368BF}.Debug|Win32.ActiveCfg = Debug|Win32
		{E695344A-21F4-47DB-907D-83FEC35368BF}.Debug|Win32.Build.0 = Debug|Win32
		{E695344A-21F4-47DB-907D-83FEC35368BF}.Release|Win32.ActiveCfg = Release|Win32
		{E695344A-21F4-47DB-907D-83FEC35368BF}.Release|Win32.Build.0 = Release|Win32
		{7472A9BC-E797-4EDA-B9BD-B0406AB55894}.Debug|Win32.ActiveCfg = Debug|Win32
		{7472A9BC-E797-4EDA-B9BD-B0406AB55894}.Debug|Win32.Build.0 = Debug|Win32
		{7472A9BC-E797-4EDA-B9BD-B0406AB55894}.Release|Win32.ActiveCfg = Release|Win32
		{7472A9BC-E797-4EDA-B9BD-B0406AB55894}.Release|Win32.Build.0 = Release|Win32
		{A60A6E9A-1C4F-4976-931D-1A01BF3B0B63}.Debug|Win32.ActiveCfg = Debug|Win32
		{A60A6E9A-1C4F-4976-931D-1A01BF3B0B63}.Debug|Win32.Build.0 = Debug|Win32
		{A60A6E9A-1C4F-4976-931D-1A01BF3B0B63}.Release|Win32.ActiveCfg = Release|Win32
		{A60A6E9A-1C4F-4976-931D-1A01BF3B0B63}.Release|Win32.Build.0 = Release|Win32
		{03833B06-0E28-43E6-B7EB-31DA5E8B6E7D}.Debug|Win32.ActiveCfg = Debug|Win32
		{03833B06-0E28-43E6-B7EB-31DA5E8B6E7D}.Debug|Win32.Build.0 = Debug|Win32
		{03833B06-0E28-43E6-B7EB-31DA5E8B6E7D}.Release|Win32.ActiveCfg = Release|Win32
		{03833B06-0E28-43E6-B7EB-31DA5E8B6E7D}.Release|Win32.Build.0 = Release|Win32
		{49CF74F6-53CD-4D73-BB9E-AD202273E47F}.Debug|Win32.ActiveCfg = Debug|Win32
		{49CF74F6-53CD-4D73-BB9E-AD202273E47F}.Debug|Win32.Build.0 = Debug|Win32
		{49CF74F6-53CD-4D73-BB9E-AD202273E47F}.Release|Win32.ActiveCfg = Release|Win32
		{49CF74F6-53CD-4D73-BB9E-AD202273E47F}.Release|Win32.Build.0 = Release|Win32
		{305A2CE1-30EA-49B3-A1C8-3AE0F0BD72F9}.Debug|Win32.ActiveCfg = Debug|Win32
		{305A2CE1-30EA-49B3-A1C8-3AE0F0BD72F9}.Debug|Win32.Build.0 = Debug|Win32
		{305A2CE1-30EA-49B3-A1C8-3AE0F0BD72F9}.Release|Win32.ActiveCfg = Release|Win32
		{305A2CE1-30EA-49B3-A1C8-3AE0F0BD72F9}.Release|Win32.Build.0 = Release|Win32
		{9D4A7EB2-5B31-4529-8CC2-1BA325EDA332}.Debug|Win32.ActiveCfg = Debug|Win32
		{9D4A7EB2-5B31-4529-8CC2-1BA325EDA332}.Debug|Win32.Build.0 = Debug|Win32
		{9D4A7EB2-5B31-4529-8CC2-1BA325EDA332}.Release|Win32.ActiveCfg = Release|Win32
		{9D4A7EB2-5B31-4529-8CC2-1BA325EDA332}.Release|Win32.Build.0 = Release|Win32
		{10AF1C52-DF06-4AAB-814A-0BB289683994}.Debug|Win32.ActiveCfg = Debug|Win32
		{10AF1C52-DF06-4AAB-814A-0BB289683994}.Debug|Win32.Build.0 = Debug|Win32
		{10AF1C52-DF06-4AAB-814A-0BB289683994}.Release|Win32.ActiveCfg = Release|Win32
		{10AF1C52-DF06-4AAB-814A-0BB289683994}.Release|Win32.Build.0 = Release|Win32
	EndGlobalSection
	GlobalSection(SolutionProperties) = preSolution
		HideSolutionNode = FALSE
	EndGlobalSection
	GlobalSection(NestedProjects) = preSolution
		{2D095192-AAA5-4F78-A820-56EDF749F84B} = {96549F7B-C766-4DD5-A200-2E4A0FC4C4DA}
		{E695344A-21F4-47DB-907D-83FEC35368BF} = {96549F7B-C766-4DD5-A200-2E4A0FC4C4DA}
		{7472A9BC-E797-4EDA-B9BD-B0406AB55894} = {96549F7B-C766-4DD5-A200-2E4A0FC4C4DA}
		{A60A6E9A-1C4F-4976-931D-1A01BF3B0B63} = {96549F7B-C766-4DD5-A200-2E4A0FC4C4DA}
		{03833B06-0E28-43E6-B7EB-31DA5E8B6E7D} = {96549F7B-C766-4DD5-A200-2E4A0FC4C4DA}
		{49CF74F6-53CD-4D73-BB9E-AD202273E47F} = {96549F7B-C766-4DD5-A200-2E4A0FC4C4DA}
		{305A2CE1-30EA-49B3-A1C8-3AE0F0BD72F9} = {96549F7B-C766-4DD5-A200-2E4A0FC4C4DA}
		{9D4A7EB2-5B31-4529-8CC2-1BA325EDA332} = {96549F7B-C766-4DD5-A200-2E4A0FC4C4DA}
		{10AF1C52-DF06-4AAB-814A-0BB289683994} = {96549F7B-C766-4DD5-A200-2E4A0FC4C4DA}
	EndGlobalSection
EndGlobal
