<?xml version="1.0" encoding="utf-8"?>
<Project ToolsVersion="4.0" xmlns="http://schemas.microsoft.com/developer/msbuild/2003">
  <ItemGroup>
    <Filter Include="Fichiers sources">
      <UniqueIdentifier>{4FC737F1-C7A5-4376-A066-2A32D752A2FF}</UniqueIdentifier>
      <Extensions>cpp;c;cc;cxx;def;odl;idl;hpj;bat;asm;asmx</Extensions>
    </Filter>
    <Filter Include="Fichiers d%27en-tête">
      <UniqueIdentifier>{93995380-89BD-4b04-88EB-625FBE52EBFB}</UniqueIdentifier>
      <Extensions>h;hpp;hxx;hm;inl;inc;xsd</Extensions>
    </Filter>
    <Filter Include="Fichiers de ressources">
      <UniqueIdentifier>{67DA6AB6-F800-4c08-8B7A-83BB121AAD01}</UniqueIdentifier>
      <Extensions>rc;ico;cur;bmp;dlg;rc2;rct;bin;rgs;gif;jpg;jpeg;jpe;resx;tiff;tif;png;wav;mfcribbon-ms</Extensions>
    </Filter>
    <Filter Include="Fichiers d%27en-tête\traits">
      <UniqueIdentifier>{785e9a29-73b1-4a6c-8adb-530b359e72cb}</UniqueIdentifier>
    </Filter>
    <Filter Include="Fichiers d%27en-tête\types">
      <UniqueIdentifier>{32fb3555-d30c-4745-9f06-420f181557a4}</UniqueIdentifier>
    </Filter>
    <Filter Include="Fichiers d%27en-tête\algorithm">
      <UniqueIdentifier>{5e7f362c-733a-48a5-a98d-aec285b0e407}</UniqueIdentifier>
    </Filter>
    <Filter Include="Fichiers d%27en-tête\algorithm\strings">
      <UniqueIdentifier>{6a917860-1725-45f4-8713-68023d9aebde}</UniqueIdentifier>
    </Filter>
    <Filter Include="Fichiers d%27en-tête\constants">
      <UniqueIdentifier>{ab1b8409-1ad8-4dcc-adf0-72951d16f24a}</UniqueIdentifier>
    </Filter>
    <Filter Include="Fichiers d%27en-tête\literals">
      <UniqueIdentifier>{1fa047f8-ab41-4dcf-8d4b-44a2b9d6ef27}</UniqueIdentifier>
    </Filter>
    <Filter Include="Fichiers d%27en-tête\grammar">
      <UniqueIdentifier>{7009ce62-a2ab-4198-aac9-282baeb18c9c}</UniqueIdentifier>
    </Filter>
    <Filter Include="Fichiers d%27en-tête\exceptions">
      <UniqueIdentifier>{7c7830b5-5160-4388-9fc5-03794e022fec}</UniqueIdentifier>
    </Filter>
    <Filter Include="Fichiers d%27en-tête\toolboxes">
      <UniqueIdentifier>{e940cee3-a891-41b2-abd9-176e2d8e4ecd}</UniqueIdentifier>
    </Filter>
    <Filter Include="Fichiers d%27en-tête\validations">
      <UniqueIdentifier>{b4c702ec-5e29-494d-9fbb-32b9d1242a88}</UniqueIdentifier>
    </Filter>
    <Filter Include="Fichiers d%27en-tête\casting">
      <UniqueIdentifier>{f50549c8-dbdd-446b-a2ee-eb1c24e0b296}</UniqueIdentifier>
    </Filter>
  </ItemGroup>
  <ItemGroup>
    <ClInclude Include="src\laurena\types\charset.hpp">
      <Filter>Fichiers d%27en-tête\types</Filter>
    </ClInclude>
    <ClInclude Include="src\laurena\algorithm\strings\alphabet.hpp">
      <Filter>Fichiers d%27en-tête\algorithm\strings</Filter>
    </ClInclude>
    <ClInclude Include="src\laurena\algorithm\strings\prefix.hpp">
      <Filter>Fichiers d%27en-tête\algorithm\strings</Filter>
    </ClInclude>
    <ClInclude Include="src\laurena\algorithm\strings\readwhile.hpp">
      <Filter>Fichiers d%27en-tête\algorithm\strings</Filter>
    </ClInclude>
    <ClInclude Include="src\laurena\constants\const_charsets.hpp">
      <Filter>Fichiers d%27en-tête\constants</Filter>
    </ClInclude>
    <ClInclude Include="src\laurena\literals\string_literal.hpp">
      <Filter>Fichiers d%27en-tête\literals</Filter>
    </ClInclude>
    <ClInclude Include="src\laurena\constants\const_strings.hpp">
      <Filter>Fichiers d%27en-tête\constants</Filter>
    </ClInclude>
    <ClInclude Include="src\laurena\constants\const_chars.hpp">
      <Filter>Fichiers d%27en-tête\constants</Filter>
    </ClInclude>
    <ClInclude Include="src\laurena\algorithm\strings\readinteger.hpp">
      <Filter>Fichiers d%27en-tête\algorithm\strings</Filter>
    </ClInclude>
    <ClInclude Include="src\laurena\traits\in_traits.hpp">
      <Filter>Fichiers d%27en-tête\traits</Filter>
    </ClInclude>
    <ClInclude Include="src\laurena\grammar\rule.hpp">
      <Filter>Fichiers d%27en-tête\grammar</Filter>
    </ClInclude>
    <ClInclude Include="src\laurena\types\source_location.hpp">
      <Filter>Fichiers d%27en-tête\types</Filter>
    </ClInclude>
    <ClInclude Include="src\laurena\constants\const_parsing_error_codes.hpp">
      <Filter>Fichiers d%27en-tête\constants</Filter>
    </ClInclude>
    <ClInclude Include="src\laurena\types\parsing_context.hpp">
      <Filter>Fichiers d%27en-tête\types</Filter>
    </ClInclude>
    <ClInclude Include="src\laurena\grammar\rule_basic.hpp">
      <Filter>Fichiers d%27en-tête\grammar</Filter>
    </ClInclude>
    <ClInclude Include="src\laurena\grammar\rule_templated.hpp">
      <Filter>Fichiers d%27en-tête\grammar</Filter>
    </ClInclude>
    <ClInclude Include="src\laurena\grammar\rule_expected_char.hpp">
      <Filter>Fichiers d%27en-tête\grammar</Filter>
    </ClInclude>
    <ClInclude Include="src\laurena\grammar\rule_charset.hpp">
      <Filter>Fichiers d%27en-tête\grammar</Filter>
    </ClInclude>
    <ClInclude Include="src\laurena\grammar\rule_string.hpp">
      <Filter>Fichiers d%27en-tête\grammar</Filter>
    </ClInclude>
    <ClInclude Include="src\laurena\grammar\rule_builder.hpp">
      <Filter>Fichiers d%27en-tête\grammar</Filter>
    </ClInclude>
    <ClInclude Include="src\laurena\algorithm\strings\readuntil.hpp">
      <Filter>Fichiers d%27en-tête\algorithm\strings</Filter>
    </ClInclude>
    <ClInclude Include="src\laurena\types\symbols.hpp">
      <Filter>Fichiers d%27en-tête\types</Filter>
    </ClInclude>
    <ClInclude Include="src\laurena\grammar\rule_symbols.hpp">
      <Filter>Fichiers d%27en-tête\grammar</Filter>
    </ClInclude>
    <ClInclude Include="src\laurena\traits\string_traits.hpp">
      <Filter>Fichiers d%27en-tête\traits</Filter>
    </ClInclude>
    <ClInclude Include="src\laurena\grammar\rule_integer.hpp">
      <Filter>Fichiers d%27en-tête\grammar</Filter>
    </ClInclude>
    <ClInclude Include="src\laurena\toolboxes\loader.hpp">
      <Filter>Fichiers d%27en-tête\toolboxes</Filter>
    </ClInclude>
    <ClInclude Include="src\laurena\types\tabs.hpp">
      <Filter>Fichiers d%27en-tête\types</Filter>
    </ClInclude>
    <ClInclude Include="src\laurena\validations\is_integer.hpp">
      <Filter>Fichiers d%27en-tête\validations</Filter>
    </ClInclude>
    <ClInclude Include="src\laurena\algorithm\strings\skipwhile.hpp">
      <Filter>Fichiers d%27en-tête\algorithm\strings</Filter>
    </ClInclude>
    <ClInclude Include="src\laurena\casting\void_cast.hpp">
      <Filter>Fichiers d%27en-tête\casting</Filter>
    </ClInclude>
  </ItemGroup>
</Project>