<?xml version="1.0" encoding="utf-8"?>
<Project ToolsVersion="4.0" xmlns="http://schemas.microsoft.com/developer/msbuild/2003">
  <ItemGroup>
    <Filter Include="Fichiers sources">
      <UniqueIdentifier>{4FC737F1-C7A5-4376-A066-2A32D752A2FF}</UniqueIdentifier>
      <Extensions>cpp;c;cc;cxx;def;odl;idl;hpj;bat;asm;asmx</Extensions>
    </Filter>
    <Filter Include="Fichiers d%27en-tête">
      <UniqueIdentifier>{93995380-89BD-4b04-88EB-625FBE52EBFB}</UniqueIdentifier>
      <Extensions>h;hpp;hxx;hm;inl;inc;xsd</Extensions>
    </Filter>
    <Filter Include="Fichiers de ressources">
      <UniqueIdentifier>{67DA6AB6-F800-4c08-8B7A-83BB121AAD01}</UniqueIdentifier>
      <Extensions>rc;ico;cur;bmp;dlg;rc2;rct;bin;rgs;gif;jpg;jpeg;jpe;resx;tiff;tif;png;wav;mfcribbon-ms</Extensions>
    </Filter>
    <Filter Include="Fichiers sources\algorithm">
      <UniqueIdentifier>{b55478bc-a963-47d5-a513-0bc4faffe414}</UniqueIdentifier>
    </Filter>
    <Filter Include="Fichiers sources\algorithm\strings">
      <UniqueIdentifier>{77594aea-82f7-46ea-8661-4e8ce40933ad}</UniqueIdentifier>
    </Filter>
    <Filter Include="Fichiers sources\grammar">
      <UniqueIdentifier>{d008b34e-9f6c-4141-b737-f17ac01204ea}</UniqueIdentifier>
    </Filter>
    <Filter Include="Fichiers sources\types">
      <UniqueIdentifier>{2a7254f6-cb63-4a2b-852c-f5e04ce4a5f3}</UniqueIdentifier>
    </Filter>
  </ItemGroup>
  <ItemGroup>
    <ClCompile Include="src\main.cpp">
      <Filter>Fichiers sources</Filter>
    </ClCompile>
    <ClCompile Include="src\test_charset.cpp">
      <Filter>Fichiers sources</Filter>
    </ClCompile>
    <ClCompile Include="src\test_const_charset.cpp">
      <Filter>Fichiers sources</Filter>
    </ClCompile>
    <ClCompile Include="src\test_sliteral.cpp">
      <Filter>Fichiers sources</Filter>
    </ClCompile>
    <ClCompile Include="src\test_prefix.cpp">
      <Filter>Fichiers sources\algorithm\strings</Filter>
    </ClCompile>
    <ClCompile Include="src\test_readinteger.cpp">
      <Filter>Fichiers sources\algorithm\strings</Filter>
    </ClCompile>
    <ClCompile Include="src\test_readwhile.cpp">
      <Filter>Fichiers sources\algorithm\strings</Filter>
    </ClCompile>
    <ClCompile Include="src\test_alphabet.cpp">
      <Filter>Fichiers sources\algorithm\strings</Filter>
    </ClCompile>
    <ClCompile Include="src\test_rules.cpp">
      <Filter>Fichiers sources\grammar</Filter>
    </ClCompile>
    <ClCompile Include="src\test_tabs.cpp">
      <Filter>Fichiers sources\types</Filter>
    </ClCompile>
  </ItemGroup>
  <ItemGroup>
    <ClInclude Include="src\test0.hpp">
      <Filter>Fichiers d%27en-tête</Filter>
    </ClInclude>
  </ItemGroup>
</Project>